
Microsoft Visual Studio Solution File, Format Version 12.00
# Visual Studio Version 16
VisualStudioVersion = 16.0.29306.81
MinimumVisualStudioVersion = 10.0.40219.1
Project("{9A19103F-16F7-4668-BE54-9A1E7A4F7556}") = "MazeSolver", "MazeSolver\MazeSolver.csproj", "{8AEE40EA-9D71-498E-A8FA-5CA7492B1936}"
EndProject
Global
	GlobalSection(SolutionConfigurationPlatforms) = preSolution
		Debug|Any CPU = Debug|Any CPU
		Release|Any CPU = Release|Any CPU
	EndGlobalSection
	GlobalSection(ProjectConfigurationPlatforms) = postSolution
		{8AEE40EA-9D71-498E-A8FA-5CA7492B1936}.Debug|Any CPU.ActiveCfg = Debug|Any CPU
		{8AEE40EA-9D71-498E-A8FA-5CA7492B1936}.Debug|Any CPU.Build.0 = Debug|Any CPU
		{8AEE40EA-9D71-498E-A8FA-5CA7492B1936}.Release|Any CPU.ActiveCfg = Release|Any CPU
		{8AEE40EA-9D71-498E-A8FA-5CA7492B1936}.Release|Any CPU.Build.0 = Release|Any CPU
	EndGlobalSection
	GlobalSection(SolutionProperties) = preSolution
		HideSolutionNode = FALSE
	EndGlobalSection
	GlobalSection(ExtensibilityGlobals) = postSolution
		SolutionGuid = {1BAECDDE-01BE-451F-9D35-05BA7C1724C1}
	EndGlobalSection
EndGlobal
